
Microsoft Visual Studio Solution File, Format Version 12.00
# Visual Studio Version 17
VisualStudioVersion = 17.1.32319.34
MinimumVisualStudioVersion = 10.0.40219.1
Project("{FAE04EC0-301F-11D3-BF4B-00C04F79EFBC}") = "AnimaisAPI", "AnimaisAPI\AnimaisAPI.csproj", "{E40929E3-F2CD-435F-87F7-0A5052A6A908}"
EndProject
Global
	GlobalSection(SolutionConfigurationPlatforms) = preSolution
		Debug|Any CPU = Debug|Any CPU
		Release|Any CPU = Release|Any CPU
	EndGlobalSection
	GlobalSection(ProjectConfigurationPlatforms) = postSolution
		{E40929E3-F2CD-435F-87F7-0A5052A6A908}.Debug|Any CPU.ActiveCfg = Debug|Any CPU
		{E40929E3-F2CD-435F-87F7-0A5052A6A908}.Debug|Any CPU.Build.0 = Debug|Any CPU
		{E40929E3-F2CD-435F-87F7-0A5052A6A908}.Release|Any CPU.ActiveCfg = Release|Any CPU
		{E40929E3-F2CD-435F-87F7-0A5052A6A908}.Release|Any CPU.Build.0 = Release|Any CPU
	EndGlobalSection
	GlobalSection(SolutionProperties) = preSolution
		HideSolutionNode = FALSE
	EndGlobalSection
	GlobalSection(ExtensibilityGlobals) = postSolution
		SolutionGuid = {1B79A07D-E598-4240-8CBC-BE576F928E75}
	EndGlobalSection
EndGlobal
